# THIS IS AN AUTOGENERATED FILE. DO NOT EDIT THIS FILE DIRECTLY.
# yarn lockfile v1


tailwind-datepicker-react@^1.4.3:
  version "1.4.3"
  resolved "https://registry.yarnpkg.com/tailwind-datepicker-react/-/tailwind-datepicker-react-1.4.3.tgz#137e8d0a3a0d48a38ce666df6d2365acf37bbb00"
  integrity sha512-K/mX7GjsO8fvaN1/jZcEbCMb14VdBe0HGxBy36WK4zxfYOPB2tGMSAUo06so+BmsaVPU4dwmfDElK/6Uxaashw==
  dependencies:
    tailwind-merge "^1.6.1"

tailwind-merge@^1.6.1:
  version "1.14.0"
  resolved "https://registry.yarnpkg.com/tailwind-merge/-/tailwind-merge-1.14.0.tgz#e677f55d864edc6794562c63f5001f45093cdb8b"
  integrity sha512-3mFKyCo/MBcgyOTlrY8T7odzZFx+w+qKSMAmdFzRvqBfLlSigU6TZnlFHK0lkMwj9Bj8OYU+9yW9lmGuS0QEnQ==
